
Microsoft Visual Studio Solution File, Format Version 12.00
# Visual Studio Version 17
VisualStudioVersion = 17.14.36414.22 d17.14
MinimumVisualStudioVersion = 10.0.40219.1
Project("{FAE04EC0-301F-11D3-BF4B-00C04F79EFBC}") = "BlogDataLibrary", "BlogDataLibrary\BlogDataLibrary.csproj", "{EB7F33B6-7C24-4462-83B6-8A6E8D64466A}"
EndProject
Project("{00D1A9C2-B5F0-4AF3-8072-F6C62B433612}") = "BautistaBlogDB", "BautistaBlogDB\BautistaBlogDB.sqlproj", "{154D2F1D-C242-44CF-A2DD-F0F15A40600B}"
EndProject
Project("{FAE04EC0-301F-11D3-BF4B-00C04F79EFBC}") = "BlogTestUI", "BlogTestUI\BlogTestUI.csproj", "{F993205A-9252-4273-A6B5-C4F3FDEDAD39}"
EndProject
Global
	GlobalSection(SolutionConfigurationPlatforms) = preSolution
		Debug|Any CPU = Debug|Any CPU
		Release|Any CPU = Release|Any CPU
	EndGlobalSection
	GlobalSection(ProjectConfigurationPlatforms) = postSolution
		{EB7F33B6-7C24-4462-83B6-8A6E8D64466A}.Debug|Any CPU.ActiveCfg = Debug|Any CPU
		{EB7F33B6-7C24-4462-83B6-8A6E8D64466A}.Debug|Any CPU.Build.0 = Debug|Any CPU
		{EB7F33B6-7C24-4462-83B6-8A6E8D64466A}.Release|Any CPU.ActiveCfg = Release|Any CPU
		{EB7F33B6-7C24-4462-83B6-8A6E8D64466A}.Release|Any CPU.Build.0 = Release|Any CPU
		{154D2F1D-C242-44CF-A2DD-F0F15A40600B}.Debug|Any CPU.ActiveCfg = Debug|Any CPU
		{154D2F1D-C242-44CF-A2DD-F0F15A40600B}.Debug|Any CPU.Build.0 = Debug|Any CPU
		{154D2F1D-C242-44CF-A2DD-F0F15A40600B}.Debug|Any CPU.Deploy.0 = Debug|Any CPU
		{154D2F1D-C242-44CF-A2DD-F0F15A40600B}.Release|Any CPU.ActiveCfg = Release|Any CPU
		{154D2F1D-C242-44CF-A2DD-F0F15A40600B}.Release|Any CPU.Build.0 = Release|Any CPU
		{154D2F1D-C242-44CF-A2DD-F0F15A40600B}.Release|Any CPU.Deploy.0 = Release|Any CPU
		{F993205A-9252-4273-A6B5-C4F3FDEDAD39}.Debug|Any CPU.ActiveCfg = Debug|Any CPU
		{F993205A-9252-4273-A6B5-C4F3FDEDAD39}.Debug|Any CPU.Build.0 = Debug|Any CPU
		{F993205A-9252-4273-A6B5-C4F3FDEDAD39}.Release|Any CPU.ActiveCfg = Release|Any CPU
		{F993205A-9252-4273-A6B5-C4F3FDEDAD39}.Release|Any CPU.Build.0 = Release|Any CPU
	EndGlobalSection
	GlobalSection(SolutionProperties) = preSolution
		HideSolutionNode = FALSE
	EndGlobalSection
	GlobalSection(ExtensibilityGlobals) = postSolution
		SolutionGuid = {B32DC7C8-8820-4478-BDA0-C995DB02C350}
	EndGlobalSection
EndGlobal
